// !$*UTF8*$!
{
	archiveVersion = 1;
	classes = {
	};
	objectVersion = 56;
	objects = {

/* Begin PBXBuildFile section */
		D80CB7922AD5C0D7003F90A6 /* AppDelegate.swift in Sources */ = {isa = PBXBuildFile; fileRef = D80CB7912AD5C0D7003F90A6 /* AppDelegate.swift */; };
		D80CB7942AD5C0D7003F90A6 /* SceneDelegate.swift in Sources */ = {isa = PBXBuildFile; fileRef = D80CB7932AD5C0D7003F90A6 /* SceneDelegate.swift */; };
		D80CB7992AD5C0D7003F90A6 /* Main.storyboard in Resources */ = {isa = PBXBuildFile; fileRef = D80CB7972AD5C0D7003F90A6 /* Main.storyboard */; };
		D80CB79B2AD5C0D8003F90A6 /* Assets.xcassets in Resources */ = {isa = PBXBuildFile; fileRef = D80CB79A2AD5C0D8003F90A6 /* Assets.xcassets */; };
		D80CB79E2AD5C0D8003F90A6 /* LaunchScreen.storyboard in Resources */ = {isa = PBXBuildFile; fileRef = D80CB79C2AD5C0D8003F90A6 /* LaunchScreen.storyboard */; };
		D80CB7AD2AD5C18F003F90A6 /* Journal.xcdatamodeld in Sources */ = {isa = PBXBuildFile; fileRef = D80CB7AB2AD5C18F003F90A6 /* Journal.xcdatamodeld */; };
		D80CB7AF2AD5C1F5003F90A6 /* Journal+Initializer.swift in Sources */ = {isa = PBXBuildFile; fileRef = D80CB7AE2AD5C1F5003F90A6 /* Journal+Initializer.swift */; };
		D80CB7B12AD5C21B003F90A6 /* CoreDataStack.swift in Sources */ = {isa = PBXBuildFile; fileRef = D80CB7B02AD5C21B003F90A6 /* CoreDataStack.swift */; };
		D80CB7B32AD5C238003F90A6 /* Quote.swift in Sources */ = {isa = PBXBuildFile; fileRef = D80CB7B22AD5C238003F90A6 /* Quote.swift */; };
		D80CB7B52AD5C256003F90A6 /* JournalManager.swift in Sources */ = {isa = PBXBuildFile; fileRef = D80CB7B42AD5C256003F90A6 /* JournalManager.swift */; };
		D80CB7B72AD5C275003F90A6 /* QuoteManager.swift in Sources */ = {isa = PBXBuildFile; fileRef = D80CB7B62AD5C275003F90A6 /* QuoteManager.swift */; };
		D80CB7B92AD5C2A7003F90A6 /* HomeTableViewController.swift in Sources */ = {isa = PBXBuildFile; fileRef = D80CB7B82AD5C2A7003F90A6 /* HomeTableViewController.swift */; };
		D80CB7BB2AD5C2DA003F90A6 /* JournalEntryViewController.swift in Sources */ = {isa = PBXBuildFile; fileRef = D80CB7BA2AD5C2DA003F90A6 /* JournalEntryViewController.swift */; };
		D80CB7BD2AD5C2ED003F90A6 /* QuoteViewController.swift in Sources */ = {isa = PBXBuildFile; fileRef = D80CB7BC2AD5C2ED003F90A6 /* QuoteViewController.swift */; };
		D80CB7C02AD5C34A003F90A6 /* NetworkError.swift in Sources */ = {isa = PBXBuildFile; fileRef = D80CB7BF2AD5C34A003F90A6 /* NetworkError.swift */; };
		D80CB7C22AD5C365003F90A6 /* DateFormatter.swift in Sources */ = {isa = PBXBuildFile; fileRef = D80CB7C12AD5C365003F90A6 /* DateFormatter.swift */; };
/* End PBXBuildFile section */

/* Begin PBXFileReference section */
		D80CB78E2AD5C0D7003F90A6 /* Journal.app */ = {isa = PBXFileReference; explicitFileType = wrapper.application; includeInIndex = 0; path = Journal.app; sourceTree = BUILT_PRODUCTS_DIR; };
		D80CB7912AD5C0D7003F90A6 /* AppDelegate.swift */ = {isa = PBXFileReference; lastKnownFileType = sourcecode.swift; path = AppDelegate.swift; sourceTree = "<group>"; };
		D80CB7932AD5C0D7003F90A6 /* SceneDelegate.swift */ = {isa = PBXFileReference; lastKnownFileType = sourcecode.swift; path = SceneDelegate.swift; sourceTree = "<group>"; };
		D80CB7982AD5C0D7003F90A6 /* Base */ = {isa = PBXFileReference; lastKnownFileType = file.storyboard; name = Base; path = Base.lproj/Main.storyboard; sourceTree = "<group>"; };
		D80CB79A2AD5C0D8003F90A6 /* Assets.xcassets */ = {isa = PBXFileReference; lastKnownFileType = folder.assetcatalog; path = Assets.xcassets; sourceTree = "<group>"; };
		D80CB79D2AD5C0D8003F90A6 /* Base */ = {isa = PBXFileReference; lastKnownFileType = file.storyboard; name = Base; path = Base.lproj/LaunchScreen.storyboard; sourceTree = "<group>"; };
		D80CB79F2AD5C0D8003F90A6 /* Info.plist */ = {isa = PBXFileReference; lastKnownFileType = text.plist.xml; path = Info.plist; sourceTree = "<group>"; };
		D80CB7AC2AD5C18F003F90A6 /* Journal.xcdatamodel */ = {isa = PBXFileReference; lastKnownFileType = wrapper.xcdatamodel; path = Journal.xcdatamodel; sourceTree = "<group>"; };
		D80CB7AE2AD5C1F5003F90A6 /* Journal+Initializer.swift */ = {isa = PBXFileReference; lastKnownFileType = sourcecode.swift; path = "Journal+Initializer.swift"; sourceTree = "<group>"; };
		D80CB7B02AD5C21B003F90A6 /* CoreDataStack.swift */ = {isa = PBXFileReference; lastKnownFileType = sourcecode.swift; path = CoreDataStack.swift; sourceTree = "<group>"; };
		D80CB7B22AD5C238003F90A6 /* Quote.swift */ = {isa = PBXFileReference; lastKnownFileType = sourcecode.swift; path = Quote.swift; sourceTree = "<group>"; };
		D80CB7B42AD5C256003F90A6 /* JournalManager.swift */ = {isa = PBXFileReference; lastKnownFileType = sourcecode.swift; path = JournalManager.swift; sourceTree = "<group>"; };
		D80CB7B62AD5C275003F90A6 /* QuoteManager.swift */ = {isa = PBXFileReference; lastKnownFileType = sourcecode.swift; path = QuoteManager.swift; sourceTree = "<group>"; };
		D80CB7B82AD5C2A7003F90A6 /* HomeTableViewController.swift */ = {isa = PBXFileReference; lastKnownFileType = sourcecode.swift; path = HomeTableViewController.swift; sourceTree = "<group>"; };
		D80CB7BA2AD5C2DA003F90A6 /* JournalEntryViewController.swift */ = {isa = PBXFileReference; lastKnownFileType = sourcecode.swift; path = JournalEntryViewController.swift; sourceTree = "<group>"; };
		D80CB7BC2AD5C2ED003F90A6 /* QuoteViewController.swift */ = {isa = PBXFileReference; lastKnownFileType = sourcecode.swift; path = QuoteViewController.swift; sourceTree = "<group>"; };
		D80CB7BF2AD5C34A003F90A6 /* NetworkError.swift */ = {isa = PBXFileReference; lastKnownFileType = sourcecode.swift; path = NetworkError.swift; sourceTree = "<group>"; };
		D80CB7C12AD5C365003F90A6 /* DateFormatter.swift */ = {isa = PBXFileReference; lastKnownFileType = sourcecode.swift; path = DateFormatter.swift; sourceTree = "<group>"; };
/* End PBXFileReference section */

/* Begin PBXFrameworksBuildPhase section */
		D80CB78B2AD5C0D7003F90A6 /* Frameworks */ = {
			isa = PBXFrameworksBuildPhase;
			buildActionMask = 2147483647;
			files = (
			);
			runOnlyForDeploymentPostprocessing = 0;
		};
/* End PBXFrameworksBuildPhase section */

/* Begin PBXGroup section */
		D80CB7852AD5C0D7003F90A6 = {
			isa = PBXGroup;
			children = (
				D80CB7902AD5C0D7003F90A6 /* ConsciousJournal */,
				D80CB78F2AD5C0D7003F90A6 /* Products */,
			);
			sourceTree = "<group>";
		};
		D80CB78F2AD5C0D7003F90A6 /* Products */ = {
			isa = PBXGroup;
			children = (
				D80CB78E2AD5C0D7003F90A6 /* Journal.app */,
			);
			name = Products;
			sourceTree = "<group>";
		};
		D80CB7902AD5C0D7003F90A6 /* ConsciousJournal */ = {
			isa = PBXGroup;
			children = (
				D80CB7BE2AD5C32F003F90A6 /* Resources */,
				D80CB7A52AD5C0F7003F90A6 /* Model */,
				D80CB7A62AD5C0FE003F90A6 /* Controller */,
				D80CB7A92AD5C11F003F90A6 /* Delegates */,
				D80CB7AA2AD5C167003F90A6 /* Storyboard */,
				D80CB79A2AD5C0D8003F90A6 /* Assets.xcassets */,
				D80CB79F2AD5C0D8003F90A6 /* Info.plist */,
			);
			path = ConsciousJournal;
			sourceTree = "<group>";
		};
		D80CB7A52AD5C0F7003F90A6 /* Model */ = {
			isa = PBXGroup;
			children = (
				D80CB7AB2AD5C18F003F90A6 /* Journal.xcdatamodeld */,
				D80CB7AE2AD5C1F5003F90A6 /* Journal+Initializer.swift */,
				D80CB7B02AD5C21B003F90A6 /* CoreDataStack.swift */,
				D80CB7B22AD5C238003F90A6 /* Quote.swift */,
			);
			path = Model;
			sourceTree = "<group>";
		};
		D80CB7A62AD5C0FE003F90A6 /* Controller */ = {
			isa = PBXGroup;
			children = (
				D80CB7A82AD5C112003F90A6 /* ModelController */,
				D80CB7A72AD5C109003F90A6 /* ViewController */,
			);
			path = Controller;
			sourceTree = "<group>";
		};
		D80CB7A72AD5C109003F90A6 /* ViewController */ = {
			isa = PBXGroup;
			children = (
				D80CB7B82AD5C2A7003F90A6 /* HomeTableViewController.swift */,
				D80CB7BA2AD5C2DA003F90A6 /* JournalEntryViewController.swift */,
				D80CB7BC2AD5C2ED003F90A6 /* QuoteViewController.swift */,
			);
			path = ViewController;
			sourceTree = "<group>";
		};
		D80CB7A82AD5C112003F90A6 /* ModelController */ = {
			isa = PBXGroup;
			children = (
				D80CB7B42AD5C256003F90A6 /* JournalManager.swift */,
				D80CB7B62AD5C275003F90A6 /* QuoteManager.swift */,
			);
			path = ModelController;
			sourceTree = "<group>";
		};
		D80CB7A92AD5C11F003F90A6 /* Delegates */ = {
			isa = PBXGroup;
			children = (
				D80CB7912AD5C0D7003F90A6 /* AppDelegate.swift */,
				D80CB7932AD5C0D7003F90A6 /* SceneDelegate.swift */,
			);
			path = Delegates;
			sourceTree = "<group>";
		};
		D80CB7AA2AD5C167003F90A6 /* Storyboard */ = {
			isa = PBXGroup;
			children = (
				D80CB79C2AD5C0D8003F90A6 /* LaunchScreen.storyboard */,
				D80CB7972AD5C0D7003F90A6 /* Main.storyboard */,
			);
			path = Storyboard;
			sourceTree = "<group>";
		};
		D80CB7BE2AD5C32F003F90A6 /* Resources */ = {
			isa = PBXGroup;
			children = (
				D80CB7BF2AD5C34A003F90A6 /* NetworkError.swift */,
				D80CB7C12AD5C365003F90A6 /* DateFormatter.swift */,
			);
			path = Resources;
			sourceTree = "<group>";
		};
/* End PBXGroup section */

/* Begin PBXNativeTarget section */
		D80CB78D2AD5C0D7003F90A6 /* Journal */ = {
			isa = PBXNativeTarget;
			buildConfigurationList = D80CB7A22AD5C0D8003F90A6 /* Build configuration list for PBXNativeTarget "Journal" */;
			buildPhases = (
				D80CB78A2AD5C0D7003F90A6 /* Sources */,
				D80CB78B2AD5C0D7003F90A6 /* Frameworks */,
				D80CB78C2AD5C0D7003F90A6 /* Resources */,
			);
			buildRules = (
			);
			dependencies = (
			);
			name = Journal;
			productName = ConsciousJournal;
			productReference = D80CB78E2AD5C0D7003F90A6 /* Journal.app */;
			productType = "com.apple.product-type.application";
		};
/* End PBXNativeTarget section */

/* Begin PBXProject section */
		D80CB7862AD5C0D7003F90A6 /* Project object */ = {
			isa = PBXProject;
			attributes = {
				BuildIndependentTargetsInParallel = 1;
				LastSwiftUpdateCheck = 1500;
				LastUpgradeCheck = 1500;
				TargetAttributes = {
					D80CB78D2AD5C0D7003F90A6 = {
						CreatedOnToolsVersion = 15.0;
					};
				};
			};
			buildConfigurationList = D80CB7892AD5C0D7003F90A6 /* Build configuration list for PBXProject "Journal" */;
			compatibilityVersion = "Xcode 14.0";
			developmentRegion = en;
			hasScannedForEncodings = 0;
			knownRegions = (
				en,
				Base,
			);
			mainGroup = D80CB7852AD5C0D7003F90A6;
			productRefGroup = D80CB78F2AD5C0D7003F90A6 /* Products */;
			projectDirPath = "";
			projectRoot = "";
			targets = (
				D80CB78D2AD5C0D7003F90A6 /* Journal */,
			);
		};
/* End PBXProject section */

/* Begin PBXResourcesBuildPhase section */
		D80CB78C2AD5C0D7003F90A6 /* Resources */ = {
			isa = PBXResourcesBuildPhase;
			buildActionMask = 2147483647;
			files = (
				D80CB79E2AD5C0D8003F90A6 /* LaunchScreen.storyboard in Resources */,
				D80CB79B2AD5C0D8003F90A6 /* Assets.xcassets in Resources */,
				D80CB7992AD5C0D7003F90A6 /* Main.storyboard in Resources */,
			);
			runOnlyForDeploymentPostprocessing = 0;
		};
/* End PBXResourcesBuildPhase section */

/* Begin PBXSourcesBuildPhase section */
		D80CB78A2AD5C0D7003F90A6 /* Sources */ = {
			isa = PBXSourcesBuildPhase;
			buildActionMask = 2147483647;
			files = (
				D80CB7B12AD5C21B003F90A6 /* CoreDataStack.swift in Sources */,
				D80CB7AD2AD5C18F003F90A6 /* Journal.xcdatamodeld in Sources */,
				D80CB7922AD5C0D7003F90A6 /* AppDelegate.swift in Sources */,
				D80CB7AF2AD5C1F5003F90A6 /* Journal+Initializer.swift in Sources */,
				D80CB7C22AD5C365003F90A6 /* DateFormatter.swift in Sources */,
				D80CB7B32AD5C238003F90A6 /* Quote.swift in Sources */,
				D80CB7942AD5C0D7003F90A6 /* SceneDelegate.swift in Sources */,
				D80CB7BB2AD5C2DA003F90A6 /* JournalEntryViewController.swift in Sources */,
				D80CB7B92AD5C2A7003F90A6 /* HomeTableViewController.swift in Sources */,
				D80CB7B72AD5C275003F90A6 /* QuoteManager.swift in Sources */,
				D80CB7C02AD5C34A003F90A6 /* NetworkError.swift in Sources */,
				D80CB7BD2AD5C2ED003F90A6 /* QuoteViewController.swift in Sources */,
				D80CB7B52AD5C256003F90A6 /* JournalManager.swift in Sources */,
			);
			runOnlyForDeploymentPostprocessing = 0;
		};
/* End PBXSourcesBuildPhase section */

/* Begin PBXVariantGroup section */
		D80CB7972AD5C0D7003F90A6 /* Main.storyboard */ = {
			isa = PBXVariantGroup;
			children = (
				D80CB7982AD5C0D7003F90A6 /* Base */,
			);
			name = Main.storyboard;
			sourceTree = "<group>";
		};
		D80CB79C2AD5C0D8003F90A6 /* LaunchScreen.storyboard */ = {
			isa = PBXVariantGroup;
			children = (
				D80CB79D2AD5C0D8003F90A6 /* Base */,
			);
			name = LaunchScreen.storyboard;
			sourceTree = "<group>";
		};
/* End PBXVariantGroup section */

/* Begin XCBuildConfiguration section */
		D80CB7A02AD5C0D8003F90A6 /* Debug */ = {
			isa = XCBuildConfiguration;
			buildSettings = {
				ALWAYS_SEARCH_USER_PATHS = NO;
				ASSETCATALOG_COMPILER_GENERATE_SWIFT_ASSET_SYMBOL_EXTENSIONS = YES;
				CLANG_ANALYZER_NONNULL = YES;
				CLANG_ANALYZER_NUMBER_OBJECT_CONVERSION = YES_AGGRESSIVE;
				CLANG_CXX_LANGUAGE_STANDARD = "gnu++20";
				CLANG_ENABLE_MODULES = YES;
				CLANG_ENABLE_OBJC_ARC = YES;
				CLANG_ENABLE_OBJC_WEAK = YES;
				CLANG_WARN_BLOCK_CAPTURE_AUTORELEASING = YES;
				CLANG_WARN_BOOL_CONVERSION = YES;
				CLANG_WARN_COMMA = YES;
				CLANG_WARN_CONSTANT_CONVERSION = YES;
				CLANG_WARN_DEPRECATED_OBJC_IMPLEMENTATIONS = YES;
				CLANG_WARN_DIRECT_OBJC_ISA_USAGE = YES_ERROR;
				CLANG_WARN_DOCUMENTATION_COMMENTS = YES;
				CLANG_WARN_EMPTY_BODY = YES;
				CLANG_WARN_ENUM_CONVERSION = YES;
				CLANG_WARN_INFINITE_RECURSION = YES;
				CLANG_WARN_INT_CONVERSION = YES;
				CLANG_WARN_NON_LITERAL_NULL_CONVERSION = YES;
				CLANG_WARN_OBJC_IMPLICIT_RETAIN_SELF = YES;
				CLANG_WARN_OBJC_LITERAL_CONVERSION = YES;
				CLANG_WARN_OBJC_ROOT_CLASS = YES_ERROR;
				CLANG_WARN_QUOTED_INCLUDE_IN_FRAMEWORK_HEADER = YES;
				CLANG_WARN_RANGE_LOOP_ANALYSIS = YES;
				CLANG_WARN_STRICT_PROTOTYPES = YES;
				CLANG_WARN_SUSPICIOUS_MOVE = YES;
				CLANG_WARN_UNGUARDED_AVAILABILITY = YES_AGGRESSIVE;
				CLANG_WARN_UNREACHABLE_CODE = YES;
				CLANG_WARN__DUPLICATE_METHOD_MATCH = YES;
				COPY_PHASE_STRIP = NO;
				DEBUG_INFORMATION_FORMAT = dwarf;
				ENABLE_STRICT_OBJC_MSGSEND = YES;
				ENABLE_TESTABILITY = YES;
				ENABLE_USER_SCRIPT_SANDBOXING = YES;
				GCC_C_LANGUAGE_STANDARD = gnu17;
				GCC_DYNAMIC_NO_PIC = NO;
				GCC_NO_COMMON_BLOCKS = YES;
				GCC_OPTIMIZATION_LEVEL = 0;
				GCC_PREPROCESSOR_DEFINITIONS = (
					"DEBUG=1",
					"$(inherited)",
				);
				GCC_WARN_64_TO_32_BIT_CONVERSION = YES;
				GCC_WARN_ABOUT_RETURN_TYPE = YES_ERROR;
				GCC_WARN_UNDECLARED_SELECTOR = YES;
				GCC_WARN_UNINITIALIZED_AUTOS = YES_AGGRESSIVE;
				GCC_WARN_UNUSED_FUNCTION = YES;
				GCC_WARN_UNUSED_VARIABLE = YES;
				IPHONEOS_DEPLOYMENT_TARGET = 17.0;
				LOCALIZATION_PREFERS_STRING_CATALOGS = YES;
				MTL_ENABLE_DEBUG_INFO = INCLUDE_SOURCE;
				MTL_FAST_MATH = YES;
				ONLY_ACTIVE_ARCH = YES;
				SDKROOT = iphoneos;
				SWIFT_ACTIVE_COMPILATION_CONDITIONS = "DEBUG $(inherited)";
				SWIFT_OPTIMIZATION_LEVEL = "-Onone";
			};
			name = Debug;
		};
		D80CB7A12AD5C0D8003F90A6 /* Release */ = {
			isa = XCBuildConfiguration;
			buildSettings = {
				ALWAYS_SEARCH_USER_PATHS = NO;
				ASSETCATALOG_COMPILER_GENERATE_SWIFT_ASSET_SYMBOL_EXTENSIONS = YES;
				CLANG_ANALYZER_NONNULL = YES;
				CLANG_ANALYZER_NUMBER_OBJECT_CONVERSION = YES_AGGRESSIVE;
				CLANG_CXX_LANGUAGE_STANDARD = "gnu++20";
				CLANG_ENABLE_MODULES = YES;
				CLANG_ENABLE_OBJC_ARC = YES;
				CLANG_ENABLE_OBJC_WEAK = YES;
				CLANG_WARN_BLOCK_CAPTURE_AUTORELEASING = YES;
				CLANG_WARN_BOOL_CONVERSION = YES;
				CLANG_WARN_COMMA = YES;
				CLANG_WARN_CONSTANT_CONVERSION = YES;
				CLANG_WARN_DEPRECATED_OBJC_IMPLEMENTATIONS = YES;
				CLANG_WARN_DIRECT_OBJC_ISA_USAGE = YES_ERROR;
				CLANG_WARN_DOCUMENTATION_COMMENTS = YES;
				CLANG_WARN_EMPTY_BODY = YES;
				CLANG_WARN_ENUM_CONVERSION = YES;
				CLANG_WARN_INFINITE_RECURSION = YES;
				CLANG_WARN_INT_CONVERSION = YES;
				CLANG_WARN_NON_LITERAL_NULL_CONVERSION = YES;
				CLANG_WARN_OBJC_IMPLICIT_RETAIN_SELF = YES;
				CLANG_WARN_OBJC_LITERAL_CONVERSION = YES;
				CLANG_WARN_OBJC_ROOT_CLASS = YES_ERROR;
				CLANG_WARN_QUOTED_INCLUDE_IN_FRAMEWORK_HEADER = YES;
				CLANG_WARN_RANGE_LOOP_ANALYSIS = YES;
				CLANG_WARN_STRICT_PROTOTYPES = YES;
				CLANG_WARN_SUSPICIOUS_MOVE = YES;
				CLANG_WARN_UNGUARDED_AVAILABILITY = YES_AGGRESSIVE;
				CLANG_WARN_UNREACHABLE_CODE = YES;
				CLANG_WARN__DUPLICATE_METHOD_MATCH = YES;
				COPY_PHASE_STRIP = NO;
				DEBUG_INFORMATION_FORMAT = "dwarf-with-dsym";
				ENABLE_NS_ASSERTIONS = NO;
				ENABLE_STRICT_OBJC_MSGSEND = YES;
				ENABLE_USER_SCRIPT_SANDBOXING = YES;
				GCC_C_LANGUAGE_STANDARD = gnu17;
				GCC_NO_COMMON_BLOCKS = YES;
				GCC_WARN_64_TO_32_BIT_CONVERSION = YES;
				GCC_WARN_ABOUT_RETURN_TYPE = YES_ERROR;
				GCC_WARN_UNDECLARED_SELECTOR = YES;
				GCC_WARN_UNINITIALIZED_AUTOS = YES_AGGRESSIVE;
				GCC_WARN_UNUSED_FUNCTION = YES;
				GCC_WARN_UNUSED_VARIABLE = YES;
				IPHONEOS_DEPLOYMENT_TARGET = 17.0;
				LOCALIZATION_PREFERS_STRING_CATALOGS = YES;
				MTL_ENABLE_DEBUG_INFO = NO;
				MTL_FAST_MATH = YES;
				SDKROOT = iphoneos;
				SWIFT_COMPILATION_MODE = wholemodule;
				VALIDATE_PRODUCT = YES;
			};
			name = Release;
		};
		D80CB7A32AD5C0D8003F90A6 /* Debug */ = {
			isa = XCBuildConfiguration;
			buildSettings = {
				ASSETCATALOG_COMPILER_APPICON_NAME = AppIcon;
				ASSETCATALOG_COMPILER_GLOBAL_ACCENT_COLOR_NAME = AccentColor;
				CODE_SIGN_STYLE = Automatic;
				CURRENT_PROJECT_VERSION = 1;
				DEVELOPMENT_TEAM = 74AQA4M4HV;
				GENERATE_INFOPLIST_FILE = YES;
				INFOPLIST_FILE = ConsciousJournal/Info.plist;
				INFOPLIST_KEY_UIApplicationSupportsIndirectInputEvents = YES;
				INFOPLIST_KEY_UILaunchStoryboardName = LaunchScreen;
				INFOPLIST_KEY_UIMainStoryboardFile = Main;
				INFOPLIST_KEY_UISupportedInterfaceOrientations = UIInterfaceOrientationPortrait;
				LD_RUNPATH_SEARCH_PATHS = (
					"$(inherited)",
					"@executable_path/Frameworks",
				);
				MARKETING_VERSION = 1.0;
				PRODUCT_BUNDLE_IDENTIFIER = "Dominique-Strachan.ConsciousJournal";
				PRODUCT_NAME = "$(TARGET_NAME)";
				SWIFT_EMIT_LOC_STRINGS = YES;
				SWIFT_VERSION = 5.0;
				TARGETED_DEVICE_FAMILY = "1,2";
			};
			name = Debug;
		};
		D80CB7A42AD5C0D8003F90A6 /* Release */ = {
			isa = XCBuildConfiguration;
			buildSettings = {
				ASSETCATALOG_COMPILER_APPICON_NAME = AppIcon;
				ASSETCATALOG_COMPILER_GLOBAL_ACCENT_COLOR_NAME = AccentColor;
				CODE_SIGN_STYLE = Automatic;
				CURRENT_PROJECT_VERSION = 1;
				DEVELOPMENT_TEAM = 74AQA4M4HV;
				GENERATE_INFOPLIST_FILE = YES;
				INFOPLIST_FILE = ConsciousJournal/Info.plist;
				INFOPLIST_KEY_UIApplicationSupportsIndirectInputEvents = YES;
				INFOPLIST_KEY_UILaunchStoryboardName = LaunchScreen;
				INFOPLIST_KEY_UIMainStoryboardFile = Main;
				INFOPLIST_KEY_UISupportedInterfaceOrientations = UIInterfaceOrientationPortrait;
				LD_RUNPATH_SEARCH_PATHS = (
					"$(inherited)",
					"@executable_path/Frameworks",
				);
				MARKETING_VERSION = 1.0;
				PRODUCT_BUNDLE_IDENTIFIER = "Dominique-Strachan.ConsciousJournal";
				PRODUCT_NAME = "$(TARGET_NAME)";
				SWIFT_EMIT_LOC_STRINGS = YES;
				SWIFT_VERSION = 5.0;
				TARGETED_DEVICE_FAMILY = "1,2";
			};
			name = Release;
		};
/* End XCBuildConfiguration section */

/* Begin XCConfigurationList section */
		D80CB7892AD5C0D7003F90A6 /* Build configuration list for PBXProject "Journal" */ = {
			isa = XCConfigurationList;
			buildConfigurations = (
				D80CB7A02AD5C0D8003F90A6 /* Debug */,
				D80CB7A12AD5C0D8003F90A6 /* Release */,
			);
			defaultConfigurationIsVisible = 0;
			defaultConfigurationName = Release;
		};
		D80CB7A22AD5C0D8003F90A6 /* Build configuration list for PBXNativeTarget "Journal" */ = {
			isa = XCConfigurationList;
			buildConfigurations = (
				D80CB7A32AD5C0D8003F90A6 /* Debug */,
				D80CB7A42AD5C0D8003F90A6 /* Release */,
			);
			defaultConfigurationIsVisible = 0;
			defaultConfigurationName = Release;
		};
/* End XCConfigurationList section */

/* Begin XCVersionGroup section */
		D80CB7AB2AD5C18F003F90A6 /* Journal.xcdatamodeld */ = {
			isa = XCVersionGroup;
			children = (
				D80CB7AC2AD5C18F003F90A6 /* Journal.xcdatamodel */,
			);
			currentVersion = D80CB7AC2AD5C18F003F90A6 /* Journal.xcdatamodel */;
			path = Journal.xcdatamodeld;
			sourceTree = "<group>";
			versionGroupType = wrapper.xcdatamodel;
		};
/* End XCVersionGroup section */
	};
	rootObject = D80CB7862AD5C0D7003F90A6 /* Project object */;
}
